
Microsoft Visual Studio Solution File, Format Version 12.00
# Visual Studio Version 16
VisualStudioVersion = 16.0.29609.76
MinimumVisualStudioVersion = 10.0.40219.1
Project("{FAE04EC0-301F-11D3-BF4B-00C04F79EFBC}") = "CourseLibrary.API", "CourseLibrary.API\CourseLibrary.API.csproj", "{168D2FA4-CB35-41CB-A71C-773227E1336F}"
EndProject
Global
	GlobalSection(SolutionConfigurationPlatforms) = preSolution
		Debug|Any CPU = Debug|Any CPU
		Release|Any CPU = Release|Any CPU
	EndGlobalSection
	GlobalSection(ProjectConfigurationPlatforms) = postSolution
		{168D2FA4-CB35-41CB-A71C-773227E1336F}.Debug|Any CPU.ActiveCfg = Debug|Any CPU
		{168D2FA4-CB35-41CB-A71C-773227E1336F}.Debug|Any CPU.Build.0 = Debug|Any CPU
		{168D2FA4-CB35-41CB-A71C-773227E1336F}.Release|Any CPU.ActiveCfg = Release|Any CPU
		{168D2FA4-CB35-41CB-A71C-773227E1336F}.Release|Any CPU.Build.0 = Release|Any CPU
	EndGlobalSection
	GlobalSection(SolutionProperties) = preSolution
		HideSolutionNode = FALSE
	EndGlobalSection
	GlobalSection(ExtensibilityGlobals) = postSolution
		SolutionGuid = {2E102A39-AD78-4F8A-8976-3284AA426F9A}
	EndGlobalSection
EndGlobal
